
Microsoft Visual Studio Solution File, Format Version 12.00
# Visual Studio Version 16
VisualStudioVersion = 16.0.30517.126
MinimumVisualStudioVersion = 10.0.40219.1
Project("{8BC9CEB8-8B4A-11D0-8D11-00A0C91BC942}") = "EQProtectProcess", "EQProtectProcess\EQProtectProcess.vcxproj", "{D1EBBE6D-CB91-48E4-8C4D-42186D855FB5}"
EndProject
Global
	GlobalSection(SolutionConfigurationPlatforms) = preSolution
		Debug|x64 = Debug|x64
		Debug|x86 = Debug|x86
		Release|x64 = Release|x64
		Release|x86 = Release|x86
	EndGlobalSection
	GlobalSection(ProjectConfigurationPlatforms) = postSolution
		{D1EBBE6D-CB91-48E4-8C4D-42186D855FB5}.Debug|x64.ActiveCfg = Debug|x64
		{D1EBBE6D-CB91-48E4-8C4D-42186D855FB5}.Debug|x64.Build.0 = Debug|x64
		{D1EBBE6D-CB91-48E4-8C4D-42186D855FB5}.Debug|x86.ActiveCfg = Debug|Win32
		{D1EBBE6D-CB91-48E4-8C4D-42186D855FB5}.Debug|x86.Build.0 = Debug|Win32
		{D1EBBE6D-CB91-48E4-8C4D-42186D855FB5}.Release|x64.ActiveCfg = Release|x64
		{D1EBBE6D-CB91-48E4-8C4D-42186D855FB5}.Release|x64.Build.0 = Release|x64
		{D1EBBE6D-CB91-48E4-8C4D-42186D855FB5}.Release|x86.ActiveCfg = Release|Win32
		{D1EBBE6D-CB91-48E4-8C4D-42186D855FB5}.Release|x86.Build.0 = Release|Win32
	EndGlobalSection
	GlobalSection(SolutionProperties) = preSolution
		HideSolutionNode = FALSE
	EndGlobalSection
	GlobalSection(ExtensibilityGlobals) = postSolution
		SolutionGuid = {B0ECCC6C-3894-42A1-A636-C5D426467AC0}
	EndGlobalSection
EndGlobal
